{
  "version": 4,
  "terraform_version": "1.0.10",
  "serial": 12,
  "lineage": "68321a35-21b4-7b69-b10d-096229078aef",
  "outputs": {},
  "resources": [
    {
      "mode": "managed",
      "type": "aws_iam_group",
      "name": "this_group01",
      "provider": "provider[\"registry.terraform.io/hashicorp/aws\"]",
      "instances": [
        {
          "schema_version": 0,
          "attributes": {
            "arn": "arn:aws:iam::862311624727:group/cloudethix",
            "id": "cloudethix",
            "name": "cloudethix",
            "path": "/",
            "unique_id": "AGPA4RROHGAL263UXRYBZ"
          },
          "sensitive_attributes": [],
          "private": "bnVsbA=="
        }
      ]
    },
    {
      "mode": "managed",
      "type": "aws_iam_user",
      "name": "this_user01",
      "provider": "provider[\"registry.terraform.io/hashicorp/aws\"]",
      "instances": [
        {
          "schema_version": 0,
          "attributes": {
            "arn": "arn:aws:iam::862311624727:user/Ismaile",
            "force_destroy": false,
            "id": "Ismaile",
            "name": "Ismaile",
            "path": "/",
            "permissions_boundary": null,
            "tags": null,
            "tags_all": {},
            "unique_id": "AIDA4RROHGALYY7LRQKZQ"
          },
          "sensitive_attributes": [],
          "private": "bnVsbA=="
        }
      ]
    },
    {
      "mode": "managed",
      "type": "aws_iam_user_group_membership",
      "name": "this_team",
      "provider": "provider[\"registry.terraform.io/hashicorp/aws\"]",
      "instances": [
        {
          "schema_version": 0,
          "attributes": {
            "groups": [
              "cloudethix"
            ],
            "id": "terraform-20230829055458383800000001",
            "user": "Ismaile"
          },
          "sensitive_attributes": [],
          "private": "bnVsbA==",
          "dependencies": [
            "aws_iam_group.this_group01",
            "aws_iam_user.this_user01"
          ]
        }
      ]
    }
  ]
}
