{
  "version": 4,
  "terraform_version": "1.0.10",
  "serial": 4,
  "lineage": "b8386cf8-ea0c-0636-c951-4c8587a804f2",
  "outputs": {},
  "resources": [
    {
      "mode": "managed",
      "type": "aws_iam_group",
      "name": "group01",
      "provider": "provider[\"registry.terraform.io/hashicorp/aws\"]",
      "instances": [
        {
          "schema_version": 0,
          "attributes": {
            "arn": "arn:aws:iam::862311624727:group/cloudethix",
            "id": "cloudethix",
            "name": "cloudethix",
            "path": "/",
            "unique_id": "AGPA4RROHGAL6C2FXSWFW"
          },
          "sensitive_attributes": [],
          "private": "bnVsbA=="
        }
      ]
    },
    {
      "mode": "managed",
      "type": "aws_iam_user",
      "name": "user01",
      "provider": "provider[\"registry.terraform.io/hashicorp/aws\"]",
      "instances": [
        {
          "schema_version": 0,
          "attributes": {
            "arn": "arn:aws:iam::862311624727:user/Ismail",
            "force_destroy": false,
            "id": "Ismail",
            "name": "Ismail",
            "path": "/",
            "permissions_boundary": null,
            "tags": null,
            "tags_all": {},
            "unique_id": "AIDA4RROHGAL7PXSAI754"
          },
          "sensitive_attributes": [],
          "private": "bnVsbA=="
        }
      ]
    },
    {
      "mode": "managed",
      "type": "aws_iam_user_group_membership",
      "name": "team",
      "provider": "provider[\"registry.terraform.io/hashicorp/aws\"]",
      "instances": [
        {
          "schema_version": 0,
          "attributes": {
            "groups": [
              "cloudethix"
            ],
            "id": "terraform-20230826074018955900000001",
            "user": "Ismail"
          },
          "sensitive_attributes": [],
          "private": "bnVsbA==",
          "dependencies": [
            "aws_iam_group.group01",
            "aws_iam_user.user01"
          ]
        }
      ]
    }
  ]
}
