[0m[1mmodule.vpc.aws_vpc.M_MY_VPC: Refreshing state... [id=vpc-0994fe75929f23a14][0m
[0m[1mmodule.vpc.aws_subnet.M_private_subnets01[1]: Refreshing state... [id=subnet-008bef9352e1f2fcc][0m
[0m[1mmodule.vpc.aws_subnet.M_private_subnets01[0]: Refreshing state... [id=subnet-03c3e0db62c608883][0m
[0m[1mmodule.rds_sg.aws_security_group.M_sg: Refreshing state... [id=sg-0e07f148c28d385a1][0m
[0m[1mmodule.db_sub_grp.aws_db_subnet_group.M_cloudethix-rds-db-sub: Refreshing state... [id=db_sg][0m
[0m
[1m[36mNote:[0m[1m Objects have changed outside of Terraform[0m

[0mTerraform detected the following changes made outside of Terraform since the
last "terraform apply":

[1m  # module.rds_sg.aws_security_group.M_sg[0m has been deleted[0m[0m
[0m  [31m-[0m[0m resource "aws_security_group" "M_sg" {
      [31m-[0m [0m[1m[0marn[0m[0m                    = "arn:aws:ec2:us-east-1:862311624727:security-group/sg-0e07f148c28d385a1" [90m->[0m [0m[90mnull[0m[0m
      [31m-[0m [0m[1m[0mdescription[0m[0m            = "Managed by Terraform" [90m->[0m [0m[90mnull[0m[0m
      [31m-[0m [0m[1m[0megress[0m[0m                 = [
          [31m-[0m [0m{
              [31m-[0m [0mcidr_blocks      = [
                  [31m-[0m [0m"0.0.0.0/0",
                ]
              [31m-[0m [0mdescription      = ""
              [31m-[0m [0mfrom_port        = 3306
              [31m-[0m [0mipv6_cidr_blocks = []
              [31m-[0m [0mprefix_list_ids  = []
              [31m-[0m [0mprotocol         = "tcp"
              [31m-[0m [0msecurity_groups  = []
              [31m-[0m [0mself             = false
              [31m-[0m [0mto_port          = 3306
            },
        ] [90m->[0m [0m[90mnull[0m[0m
      [31m-[0m [0m[1m[0mid[0m[0m                     = "sg-0e07f148c28d385a1" [90m->[0m [0m[90mnull[0m[0m
      [31m-[0m [0m[1m[0mingress[0m[0m                = [
          [31m-[0m [0m{
              [31m-[0m [0mcidr_blocks      = [
                  [31m-[0m [0m"0.0.0.0/0",
                ]
              [31m-[0m [0mdescription      = ""
              [31m-[0m [0mfrom_port        = 3306
              [31m-[0m [0mipv6_cidr_blocks = []
              [31m-[0m [0mprefix_list_ids  = []
              [31m-[0m [0mprotocol         = "tcp"
              [31m-[0m [0msecurity_groups  = []
              [31m-[0m [0mself             = false
              [31m-[0m [0mto_port          = 3306
            },
        ] [90m->[0m [0m[90mnull[0m[0m
      [31m-[0m [0m[1m[0mname[0m[0m                   = "rds-sg" [90m->[0m [0m[90mnull[0m[0m
      [31m-[0m [0m[1m[0mowner_id[0m[0m               = "862311624727" [90m->[0m [0m[90mnull[0m[0m
      [31m-[0m [0m[1m[0mrevoke_rules_on_delete[0m[0m = false [90m->[0m [0m[90mnull[0m[0m
      [31m-[0m [0m[1m[0mtags[0m[0m                   = {} [90m->[0m [0m[90mnull[0m[0m
      [31m-[0m [0m[1m[0mtags_all[0m[0m               = {} [90m->[0m [0m[90mnull[0m[0m
      [31m-[0m [0m[1m[0mvpc_id[0m[0m                 = "vpc-0994fe75929f23a14" [90m->[0m [0m[90mnull[0m[0m
    }

Unless you have made equivalent changes to your configuration, or ignored the
relevant attributes using ignore_changes, the following plan may include
actions to undo or respond to these changes.
[90m
─────────────────────────────────────────────────────────────────────────────[0m

Terraform used the selected providers to generate the following execution
plan. Resource actions are indicated with the following symbols:
  [32m+[0m create
[0m
Terraform will perform the following actions:

[1m  # module.app_ec2_instance.aws_instance.M_aws_instance[0m will be created[0m[0m
[0m  [32m+[0m[0m resource "aws_instance" "M_aws_instance" {
      [32m+[0m [0m[1m[0mami[0m[0m                                  = "ami-08a52ddb321b32a8c"
      [32m+[0m [0m[1m[0marn[0m[0m                                  = (known after apply)
      [32m+[0m [0m[1m[0massociate_public_ip_address[0m[0m          = (known after apply)
      [32m+[0m [0m[1m[0mavailability_zone[0m[0m                    = (known after apply)
      [32m+[0m [0m[1m[0mcpu_core_count[0m[0m                       = (known after apply)
      [32m+[0m [0m[1m[0mcpu_threads_per_core[0m[0m                 = (known after apply)
      [32m+[0m [0m[1m[0mdisable_api_stop[0m[0m                     = (known after apply)
      [32m+[0m [0m[1m[0mdisable_api_termination[0m[0m              = (known after apply)
      [32m+[0m [0m[1m[0mebs_optimized[0m[0m                        = (known after apply)
      [32m+[0m [0m[1m[0mget_password_data[0m[0m                    = false
      [32m+[0m [0m[1m[0mhost_id[0m[0m                              = (known after apply)
      [32m+[0m [0m[1m[0mhost_resource_group_arn[0m[0m              = (known after apply)
      [32m+[0m [0m[1m[0miam_instance_profile[0m[0m                 = (known after apply)
      [32m+[0m [0m[1m[0mid[0m[0m                                   = (known after apply)
      [32m+[0m [0m[1m[0minstance_initiated_shutdown_behavior[0m[0m = (known after apply)
      [32m+[0m [0m[1m[0minstance_lifecycle[0m[0m                   = (known after apply)
      [32m+[0m [0m[1m[0minstance_state[0m[0m                       = (known after apply)
      [32m+[0m [0m[1m[0minstance_type[0m[0m                        = "t2.micro"
      [32m+[0m [0m[1m[0mipv6_address_count[0m[0m                   = (known after apply)
      [32m+[0m [0m[1m[0mipv6_addresses[0m[0m                       = (known after apply)
      [32m+[0m [0m[1m[0mkey_name[0m[0m                             = "app-ssh-key"
      [32m+[0m [0m[1m[0mmonitoring[0m[0m                           = (known after apply)
      [32m+[0m [0m[1m[0moutpost_arn[0m[0m                          = (known after apply)
      [32m+[0m [0m[1m[0mpassword_data[0m[0m                        = (known after apply)
      [32m+[0m [0m[1m[0mplacement_group[0m[0m                      = (known after apply)
      [32m+[0m [0m[1m[0mplacement_partition_number[0m[0m           = (known after apply)
      [32m+[0m [0m[1m[0mprimary_network_interface_id[0m[0m         = (known after apply)
      [32m+[0m [0m[1m[0mprivate_dns[0m[0m                          = (known after apply)
      [32m+[0m [0m[1m[0mprivate_ip[0m[0m                           = (known after apply)
      [32m+[0m [0m[1m[0mpublic_dns[0m[0m                           = (known after apply)
      [32m+[0m [0m[1m[0mpublic_ip[0m[0m                            = (known after apply)
      [32m+[0m [0m[1m[0msecondary_private_ips[0m[0m                = (known after apply)
      [32m+[0m [0m[1m[0msecurity_groups[0m[0m                      = (known after apply)
      [32m+[0m [0m[1m[0msource_dest_check[0m[0m                    = true
      [32m+[0m [0m[1m[0mspot_instance_request_id[0m[0m             = (known after apply)
      [32m+[0m [0m[1m[0msubnet_id[0m[0m                            = "subnet-03c3e0db62c608883"
      [32m+[0m [0m[1m[0mtags[0m[0m                                 = {
          [32m+[0m [0m"Name" = "app-instance"
        }
      [32m+[0m [0m[1m[0mtags_all[0m[0m                             = {
          [32m+[0m [0m"Name" = "app-instance"
        }
      [32m+[0m [0m[1m[0mtenancy[0m[0m                              = (known after apply)
      [32m+[0m [0m[1m[0muser_data[0m[0m                            = (known after apply)
      [32m+[0m [0m[1m[0muser_data_base64[0m[0m                     = (known after apply)
      [32m+[0m [0m[1m[0muser_data_replace_on_change[0m[0m          = false
      [32m+[0m [0m[1m[0mvpc_security_group_ids[0m[0m               = (known after apply)

      [32m+[0m [0mcapacity_reservation_specification {
          [32m+[0m [0m[1m[0mcapacity_reservation_preference[0m[0m = (known after apply)

          [32m+[0m [0mcapacity_reservation_target {
              [32m+[0m [0m[1m[0mcapacity_reservation_id[0m[0m                 = (known after apply)
              [32m+[0m [0m[1m[0mcapacity_reservation_resource_group_arn[0m[0m = (known after apply)
            }
        }

      [32m+[0m [0mcpu_options {
          [32m+[0m [0m[1m[0mamd_sev_snp[0m[0m      = (known after apply)
          [32m+[0m [0m[1m[0mcore_count[0m[0m       = (known after apply)
          [32m+[0m [0m[1m[0mthreads_per_core[0m[0m = (known after apply)
        }

      [32m+[0m [0mebs_block_device {
          [32m+[0m [0m[1m[0mdelete_on_termination[0m[0m = (known after apply)
          [32m+[0m [0m[1m[0mdevice_name[0m[0m           = (known after apply)
          [32m+[0m [0m[1m[0mencrypted[0m[0m             = (known after apply)
          [32m+[0m [0m[1m[0miops[0m[0m                  = (known after apply)
          [32m+[0m [0m[1m[0mkms_key_id[0m[0m            = (known after apply)
          [32m+[0m [0m[1m[0msnapshot_id[0m[0m           = (known after apply)
          [32m+[0m [0m[1m[0mtags[0m[0m                  = (known after apply)
          [32m+[0m [0m[1m[0mthroughput[0m[0m            = (known after apply)
          [32m+[0m [0m[1m[0mvolume_id[0m[0m             = (known after apply)
          [32m+[0m [0m[1m[0mvolume_size[0m[0m           = (known after apply)
          [32m+[0m [0m[1m[0mvolume_type[0m[0m           = (known after apply)
        }

      [32m+[0m [0menclave_options {
          [32m+[0m [0m[1m[0menabled[0m[0m = (known after apply)
        }

      [32m+[0m [0mephemeral_block_device {
          [32m+[0m [0m[1m[0mdevice_name[0m[0m  = (known after apply)
          [32m+[0m [0m[1m[0mno_device[0m[0m    = (known after apply)
          [32m+[0m [0m[1m[0mvirtual_name[0m[0m = (known after apply)
        }

      [32m+[0m [0minstance_market_options {
          [32m+[0m [0m[1m[0mmarket_type[0m[0m = (known after apply)

          [32m+[0m [0mspot_options {
              [32m+[0m [0m[1m[0minstance_interruption_behavior[0m[0m = (known after apply)
              [32m+[0m [0m[1m[0mmax_price[0m[0m                      = (known after apply)
              [32m+[0m [0m[1m[0mspot_instance_type[0m[0m             = (known after apply)
              [32m+[0m [0m[1m[0mvalid_until[0m[0m                    = (known after apply)
            }
        }

      [32m+[0m [0mmaintenance_options {
          [32m+[0m [0m[1m[0mauto_recovery[0m[0m = (known after apply)
        }

      [32m+[0m [0mmetadata_options {
          [32m+[0m [0m[1m[0mhttp_endpoint[0m[0m               = (known after apply)
          [32m+[0m [0m[1m[0mhttp_protocol_ipv6[0m[0m          = (known after apply)
          [32m+[0m [0m[1m[0mhttp_put_response_hop_limit[0m[0m = (known after apply)
          [32m+[0m [0m[1m[0mhttp_tokens[0m[0m                 = (known after apply)
          [32m+[0m [0m[1m[0minstance_metadata_tags[0m[0m      = (known after apply)
        }

      [32m+[0m [0mnetwork_interface {
          [32m+[0m [0m[1m[0mdelete_on_termination[0m[0m = (known after apply)
          [32m+[0m [0m[1m[0mdevice_index[0m[0m          = (known after apply)
          [32m+[0m [0m[1m[0mnetwork_card_index[0m[0m    = (known after apply)
          [32m+[0m [0m[1m[0mnetwork_interface_id[0m[0m  = (known after apply)
        }

      [32m+[0m [0mprivate_dns_name_options {
          [32m+[0m [0m[1m[0menable_resource_name_dns_a_record[0m[0m    = (known after apply)
          [32m+[0m [0m[1m[0menable_resource_name_dns_aaaa_record[0m[0m = (known after apply)
          [32m+[0m [0m[1m[0mhostname_type[0m[0m                        = (known after apply)
        }

      [32m+[0m [0mroot_block_device {
          [32m+[0m [0m[1m[0mdelete_on_termination[0m[0m = (known after apply)
          [32m+[0m [0m[1m[0mdevice_name[0m[0m           = (known after apply)
          [32m+[0m [0m[1m[0mencrypted[0m[0m             = (known after apply)
          [32m+[0m [0m[1m[0miops[0m[0m                  = (known after apply)
          [32m+[0m [0m[1m[0mkms_key_id[0m[0m            = (known after apply)
          [32m+[0m [0m[1m[0mtags[0m[0m                  = (known after apply)
          [32m+[0m [0m[1m[0mthroughput[0m[0m            = (known after apply)
          [32m+[0m [0m[1m[0mvolume_id[0m[0m             = (known after apply)
          [32m+[0m [0m[1m[0mvolume_size[0m[0m           = (known after apply)
          [32m+[0m [0m[1m[0mvolume_type[0m[0m           = (known after apply)
        }
    }

[1m  # module.app_security_group.aws_security_group.M_sg[0m will be created[0m[0m
[0m  [32m+[0m[0m resource "aws_security_group" "M_sg" {
      [32m+[0m [0m[1m[0marn[0m[0m                    = (known after apply)
      [32m+[0m [0m[1m[0mdescription[0m[0m            = "Managed by Terraform"
      [32m+[0m [0m[1m[0megress[0m[0m                 = [
          [32m+[0m [0m{
              [32m+[0m [0mcidr_blocks      = [
                  [32m+[0m [0m"0.0.0.0/0",
                ]
              [32m+[0m [0mdescription      = ""
              [32m+[0m [0mfrom_port        = 22
              [32m+[0m [0mipv6_cidr_blocks = []
              [32m+[0m [0mprefix_list_ids  = []
              [32m+[0m [0mprotocol         = "tcp"
              [32m+[0m [0msecurity_groups  = []
              [32m+[0m [0mself             = false
              [32m+[0m [0mto_port          = 22
            },
          [32m+[0m [0m{
              [32m+[0m [0mcidr_blocks      = [
                  [32m+[0m [0m"0.0.0.0/0",
                ]
              [32m+[0m [0mdescription      = ""
              [32m+[0m [0mfrom_port        = 8080
              [32m+[0m [0mipv6_cidr_blocks = []
              [32m+[0m [0mprefix_list_ids  = []
              [32m+[0m [0mprotocol         = "tcp"
              [32m+[0m [0msecurity_groups  = []
              [32m+[0m [0mself             = false
              [32m+[0m [0mto_port          = 8080
            },
        ]
      [32m+[0m [0m[1m[0mid[0m[0m                     = (known after apply)
      [32m+[0m [0m[1m[0mingress[0m[0m                = [
          [32m+[0m [0m{
              [32m+[0m [0mcidr_blocks      = [
                  [32m+[0m [0m"0.0.0.0/0",
                ]
              [32m+[0m [0mdescription      = ""
              [32m+[0m [0mfrom_port        = 22
              [32m+[0m [0mipv6_cidr_blocks = []
              [32m+[0m [0mprefix_list_ids  = []
              [32m+[0m [0mprotocol         = "tcp"
              [32m+[0m [0msecurity_groups  = []
              [32m+[0m [0mself             = false
              [32m+[0m [0mto_port          = 22
            },
          [32m+[0m [0m{
              [32m+[0m [0mcidr_blocks      = [
                  [32m+[0m [0m"0.0.0.0/0",
                ]
              [32m+[0m [0mdescription      = ""
              [32m+[0m [0mfrom_port        = 8080
              [32m+[0m [0mipv6_cidr_blocks = []
              [32m+[0m [0mprefix_list_ids  = []
              [32m+[0m [0mprotocol         = "tcp"
              [32m+[0m [0msecurity_groups  = []
              [32m+[0m [0mself             = false
              [32m+[0m [0mto_port          = 8080
            },
        ]
      [32m+[0m [0m[1m[0mname[0m[0m                   = "app-sg"
      [32m+[0m [0m[1m[0mname_prefix[0m[0m            = (known after apply)
      [32m+[0m [0m[1m[0mowner_id[0m[0m               = (known after apply)
      [32m+[0m [0m[1m[0mrevoke_rules_on_delete[0m[0m = false
      [32m+[0m [0m[1m[0mtags_all[0m[0m               = (known after apply)
      [32m+[0m [0m[1m[0mvpc_id[0m[0m                 = "vpc-0994fe75929f23a14"
    }

[1m  # module.app_ssh_key_pair.aws_key_pair.M_login_key[0m will be created[0m[0m
[0m  [32m+[0m[0m resource "aws_key_pair" "M_login_key" {
      [32m+[0m [0m[1m[0marn[0m[0m             = (known after apply)
      [32m+[0m [0m[1m[0mfingerprint[0m[0m     = (known after apply)
      [32m+[0m [0m[1m[0mid[0m[0m              = (known after apply)
      [32m+[0m [0m[1m[0mkey_name[0m[0m        = "app-ssh-key"
      [32m+[0m [0m[1m[0mkey_name_prefix[0m[0m = (known after apply)
      [32m+[0m [0m[1m[0mkey_pair_id[0m[0m     = (known after apply)
      [32m+[0m [0m[1m[0mkey_type[0m[0m        = (known after apply)
      [32m+[0m [0m[1m[0mpublic_key[0m[0m      = "ssh-rsa AAAAB3NzaC1yc2EAAAADAQABAAABAQDKZUeh5ZssVKihdY0IUg7kFehTleZQLsQJQuy6K19Aff0D3j8roAH3pTq9yxJkHsyD62SKOeUqgnIbOfwv9JW0T4LGKSkU7WH5WZ+b1An7tZwA3U827mh0VbgalH0FanO1r46p83b0T2oqy/7K+L699LMD3f6StUcHyQ8GZ7c0E1NZirJbBfzm6lV+gEQchlznykc88ku/OXMQuliCRV24YHentKQhE13psPCXTPhp34JOMJdYlDvSQYHendO/GFsjf7Fq+30rNgdgFUYaFiAxR59tHU2mJIAdA/k+u45cW6LdZp9Ww2XTHg39njGaGc8M6crFbDwbOU46GDz0NtWV root@DESKTOP-AC3B9G6"
      [32m+[0m [0m[1m[0mtags_all[0m[0m        = (known after apply)
    }

[1m  # module.load_balancer.aws_security_group.M_sg[0m will be created[0m[0m
[0m  [32m+[0m[0m resource "aws_security_group" "M_sg" {
      [32m+[0m [0m[1m[0marn[0m[0m                    = (known after apply)
      [32m+[0m [0m[1m[0mdescription[0m[0m            = "Managed by Terraform"
      [32m+[0m [0m[1m[0megress[0m[0m                 = [
          [32m+[0m [0m{
              [32m+[0m [0mcidr_blocks      = [
                  [32m+[0m [0m"0.0.0.0/0",
                ]
              [32m+[0m [0mdescription      = ""
              [32m+[0m [0mfrom_port        = 443
              [32m+[0m [0mipv6_cidr_blocks = []
              [32m+[0m [0mprefix_list_ids  = []
              [32m+[0m [0mprotocol         = "tcp"
              [32m+[0m [0msecurity_groups  = []
              [32m+[0m [0mself             = false
              [32m+[0m [0mto_port          = 443
            },
          [32m+[0m [0m{
              [32m+[0m [0mcidr_blocks      = [
                  [32m+[0m [0m"0.0.0.0/0",
                ]
              [32m+[0m [0mdescription      = ""
              [32m+[0m [0mfrom_port        = 80
              [32m+[0m [0mipv6_cidr_blocks = []
              [32m+[0m [0mprefix_list_ids  = []
              [32m+[0m [0mprotocol         = "tcp"
              [32m+[0m [0msecurity_groups  = []
              [32m+[0m [0mself             = false
              [32m+[0m [0mto_port          = 80
            },
        ]
      [32m+[0m [0m[1m[0mid[0m[0m                     = (known after apply)
      [32m+[0m [0m[1m[0mingress[0m[0m                = [
          [32m+[0m [0m{
              [32m+[0m [0mcidr_blocks      = [
                  [32m+[0m [0m"0.0.0.0/0",
                ]
              [32m+[0m [0mdescription      = ""
              [32m+[0m [0mfrom_port        = 443
              [32m+[0m [0mipv6_cidr_blocks = []
              [32m+[0m [0mprefix_list_ids  = []
              [32m+[0m [0mprotocol         = "tcp"
              [32m+[0m [0msecurity_groups  = []
              [32m+[0m [0mself             = false
              [32m+[0m [0mto_port          = 443
            },
          [32m+[0m [0m{
              [32m+[0m [0mcidr_blocks      = [
                  [32m+[0m [0m"0.0.0.0/0",
                ]
              [32m+[0m [0mdescription      = ""
              [32m+[0m [0mfrom_port        = 80
              [32m+[0m [0mipv6_cidr_blocks = []
              [32m+[0m [0mprefix_list_ids  = []
              [32m+[0m [0mprotocol         = "tcp"
              [32m+[0m [0msecurity_groups  = []
              [32m+[0m [0mself             = false
              [32m+[0m [0mto_port          = 80
            },
        ]
      [32m+[0m [0m[1m[0mname[0m[0m                   = "lb-sg"
      [32m+[0m [0m[1m[0mname_prefix[0m[0m            = (known after apply)
      [32m+[0m [0m[1m[0mowner_id[0m[0m               = (known after apply)
      [32m+[0m [0m[1m[0mrevoke_rules_on_delete[0m[0m = false
      [32m+[0m [0m[1m[0mtags_all[0m[0m               = (known after apply)
      [32m+[0m [0m[1m[0mvpc_id[0m[0m                 = "vpc-0994fe75929f23a14"
    }

[1m  # module.load_balancer_instance.aws_lb.M_cloudethix-lb[0m will be created[0m[0m
[0m  [32m+[0m[0m resource "aws_lb" "M_cloudethix-lb" {
      [32m+[0m [0m[1m[0marn[0m[0m                                         = (known after apply)
      [32m+[0m [0m[1m[0marn_suffix[0m[0m                                  = (known after apply)
      [32m+[0m [0m[1m[0mdesync_mitigation_mode[0m[0m                      = "defensive"
      [32m+[0m [0m[1m[0mdns_name[0m[0m                                    = (known after apply)
      [32m+[0m [0m[1m[0mdrop_invalid_header_fields[0m[0m                  = false
      [32m+[0m [0m[1m[0menable_deletion_protection[0m[0m                  = false
      [32m+[0m [0m[1m[0menable_http2[0m[0m                                = true
      [32m+[0m [0m[1m[0menable_tls_version_and_cipher_suite_headers[0m[0m = false
      [32m+[0m [0m[1m[0menable_waf_fail_open[0m[0m                        = false
      [32m+[0m [0m[1m[0menable_xff_client_port[0m[0m                      = false
      [32m+[0m [0m[1m[0mid[0m[0m                                          = (known after apply)
      [32m+[0m [0m[1m[0midle_timeout[0m[0m                                = 60
      [32m+[0m [0m[1m[0minternal[0m[0m                                    = (known after apply)
      [32m+[0m [0m[1m[0mip_address_type[0m[0m                             = (known after apply)
      [32m+[0m [0m[1m[0mload_balancer_type[0m[0m                          = "application"
      [32m+[0m [0m[1m[0mname[0m[0m                                        = "3T-application-lb"
      [32m+[0m [0m[1m[0mpreserve_host_header[0m[0m                        = false
      [32m+[0m [0m[1m[0msecurity_groups[0m[0m                             = (known after apply)
      [32m+[0m [0m[1m[0msubnets[0m[0m                                     = (known after apply)
      [32m+[0m [0m[1m[0mtags_all[0m[0m                                    = (known after apply)
      [32m+[0m [0m[1m[0mvpc_id[0m[0m                                      = (known after apply)
      [32m+[0m [0m[1m[0mxff_header_processing_mode[0m[0m                  = "append"
      [32m+[0m [0m[1m[0mzone_id[0m[0m                                     = (known after apply)

      [32m+[0m [0msubnet_mapping {
          [32m+[0m [0m[1m[0mallocation_id[0m[0m        = (known after apply)
          [32m+[0m [0m[1m[0mipv6_address[0m[0m         = (known after apply)
          [32m+[0m [0m[1m[0moutpost_id[0m[0m           = (known after apply)
          [32m+[0m [0m[1m[0mprivate_ipv4_address[0m[0m = (known after apply)
          [32m+[0m [0m[1m[0msubnet_id[0m[0m            = (known after apply)
        }
    }

[1m  # module.rds_instance.aws_db_instance.cloudethix-rds[0m will be created[0m[0m
[0m  [32m+[0m[0m resource "aws_db_instance" "cloudethix-rds" {
      [32m+[0m [0m[1m[0maddress[0m[0m                               = (known after apply)
      [32m+[0m [0m[1m[0mallocated_storage[0m[0m                     = 10
      [32m+[0m [0m[1m[0mapply_immediately[0m[0m                     = false
      [32m+[0m [0m[1m[0marn[0m[0m                                   = (known after apply)
      [32m+[0m [0m[1m[0mauto_minor_version_upgrade[0m[0m            = true
      [32m+[0m [0m[1m[0mavailability_zone[0m[0m                     = (known after apply)
      [32m+[0m [0m[1m[0mbackup_retention_period[0m[0m               = (known after apply)
      [32m+[0m [0m[1m[0mbackup_target[0m[0m                         = (known after apply)
      [32m+[0m [0m[1m[0mbackup_window[0m[0m                         = (known after apply)
      [32m+[0m [0m[1m[0mca_cert_identifier[0m[0m                    = (known after apply)
      [32m+[0m [0m[1m[0mcharacter_set_name[0m[0m                    = (known after apply)
      [32m+[0m [0m[1m[0mcopy_tags_to_snapshot[0m[0m                 = false
      [32m+[0m [0m[1m[0mdb_name[0m[0m                               = "esmai"
      [32m+[0m [0m[1m[0mdb_subnet_group_name[0m[0m                  = "db_sg"
      [32m+[0m [0m[1m[0mdelete_automated_backups[0m[0m              = true
      [32m+[0m [0m[1m[0mendpoint[0m[0m                              = (known after apply)
      [32m+[0m [0m[1m[0mengine[0m[0m                                = "mysql"
      [32m+[0m [0m[1m[0mengine_version[0m[0m                        = "5.7"
      [32m+[0m [0m[1m[0mengine_version_actual[0m[0m                 = (known after apply)
      [32m+[0m [0m[1m[0mhosted_zone_id[0m[0m                        = (known after apply)
      [32m+[0m [0m[1m[0mid[0m[0m                                    = (known after apply)
      [32m+[0m [0m[1m[0midentifier[0m[0m                            = (known after apply)
      [32m+[0m [0m[1m[0midentifier_prefix[0m[0m                     = (known after apply)
      [32m+[0m [0m[1m[0minstance_class[0m[0m                        = "db.t3.micro"
      [32m+[0m [0m[1m[0miops[0m[0m                                  = (known after apply)
      [32m+[0m [0m[1m[0mkms_key_id[0m[0m                            = (known after apply)
      [32m+[0m [0m[1m[0mlatest_restorable_time[0m[0m                = (known after apply)
      [32m+[0m [0m[1m[0mlicense_model[0m[0m                         = (known after apply)
      [32m+[0m [0m[1m[0mlistener_endpoint[0m[0m                     = (known after apply)
      [32m+[0m [0m[1m[0mmaintenance_window[0m[0m                    = (known after apply)
      [32m+[0m [0m[1m[0mmaster_user_secret[0m[0m                    = (known after apply)
      [32m+[0m [0m[1m[0mmaster_user_secret_kms_key_id[0m[0m         = (known after apply)
      [32m+[0m [0m[1m[0mmonitoring_interval[0m[0m                   = 0
      [32m+[0m [0m[1m[0mmonitoring_role_arn[0m[0m                   = (known after apply)
      [32m+[0m [0m[1m[0mmulti_az[0m[0m                              = (known after apply)
      [32m+[0m [0m[1m[0mnchar_character_set_name[0m[0m              = (known after apply)
      [32m+[0m [0m[1m[0mnetwork_type[0m[0m                          = (known after apply)
      [32m+[0m [0m[1m[0moption_group_name[0m[0m                     = (known after apply)
      [32m+[0m [0m[1m[0mparameter_group_name[0m[0m                  = "default.mysql5.7"
      [32m+[0m [0m[1m[0mpassword[0m[0m                              = (sensitive value)
      [32m+[0m [0m[1m[0mperformance_insights_enabled[0m[0m          = false
      [32m+[0m [0m[1m[0mperformance_insights_kms_key_id[0m[0m       = (known after apply)
      [32m+[0m [0m[1m[0mperformance_insights_retention_period[0m[0m = (known after apply)
      [32m+[0m [0m[1m[0mport[0m[0m                                  = (known after apply)
      [32m+[0m [0m[1m[0mpublicly_accessible[0m[0m                   = false
      [32m+[0m [0m[1m[0mreplica_mode[0m[0m                          = (known after apply)
      [32m+[0m [0m[1m[0mreplicas[0m[0m                              = (known after apply)
      [32m+[0m [0m[1m[0mresource_id[0m[0m                           = (known after apply)
      [32m+[0m [0m[1m[0mskip_final_snapshot[0m[0m                   = true
      [32m+[0m [0m[1m[0msnapshot_identifier[0m[0m                   = (known after apply)
      [32m+[0m [0m[1m[0mstatus[0m[0m                                = (known after apply)
      [32m+[0m [0m[1m[0mstorage_throughput[0m[0m                    = (known after apply)
      [32m+[0m [0m[1m[0mstorage_type[0m[0m                          = (known after apply)
      [32m+[0m [0m[1m[0mtags_all[0m[0m                              = (known after apply)
      [32m+[0m [0m[1m[0mtimezone[0m[0m                              = (known after apply)
      [32m+[0m [0m[1m[0musername[0m[0m                              = "esmail"
      [32m+[0m [0m[1m[0mvpc_security_group_ids[0m[0m                = (known after apply)
    }

[1m  # module.rds_sg.aws_security_group.M_sg[0m will be created[0m[0m
[0m  [32m+[0m[0m resource "aws_security_group" "M_sg" {
      [32m+[0m [0m[1m[0marn[0m[0m                    = (known after apply)
      [32m+[0m [0m[1m[0mdescription[0m[0m            = "Managed by Terraform"
      [32m+[0m [0m[1m[0megress[0m[0m                 = [
          [32m+[0m [0m{
              [32m+[0m [0mcidr_blocks      = [
                  [32m+[0m [0m"0.0.0.0/0",
                ]
              [32m+[0m [0mdescription      = ""
              [32m+[0m [0mfrom_port        = 3306
              [32m+[0m [0mipv6_cidr_blocks = []
              [32m+[0m [0mprefix_list_ids  = []
              [32m+[0m [0mprotocol         = "tcp"
              [32m+[0m [0msecurity_groups  = []
              [32m+[0m [0mself             = false
              [32m+[0m [0mto_port          = 3306
            },
        ]
      [32m+[0m [0m[1m[0mid[0m[0m                     = (known after apply)
      [32m+[0m [0m[1m[0mingress[0m[0m                = [
          [32m+[0m [0m{
              [32m+[0m [0mcidr_blocks      = [
                  [32m+[0m [0m"0.0.0.0/0",
                ]
              [32m+[0m [0mdescription      = ""
              [32m+[0m [0mfrom_port        = 3306
              [32m+[0m [0mipv6_cidr_blocks = []
              [32m+[0m [0mprefix_list_ids  = []
              [32m+[0m [0mprotocol         = "tcp"
              [32m+[0m [0msecurity_groups  = []
              [32m+[0m [0mself             = false
              [32m+[0m [0mto_port          = 3306
            },
        ]
      [32m+[0m [0m[1m[0mname[0m[0m                   = "rds-sg"
      [32m+[0m [0m[1m[0mname_prefix[0m[0m            = (known after apply)
      [32m+[0m [0m[1m[0mowner_id[0m[0m               = (known after apply)
      [32m+[0m [0m[1m[0mrevoke_rules_on_delete[0m[0m = false
      [32m+[0m [0m[1m[0mtags_all[0m[0m               = (known after apply)
      [32m+[0m [0m[1m[0mvpc_id[0m[0m                 = "vpc-0994fe75929f23a14"
    }

[1m  # module.vpc.aws_eip.M_my_eip[0m will be created[0m[0m
[0m  [32m+[0m[0m resource "aws_eip" "M_my_eip" {
      [32m+[0m [0m[1m[0mallocation_id[0m[0m        = (known after apply)
      [32m+[0m [0m[1m[0massociation_id[0m[0m       = (known after apply)
      [32m+[0m [0m[1m[0mcarrier_ip[0m[0m           = (known after apply)
      [32m+[0m [0m[1m[0mcustomer_owned_ip[0m[0m    = (known after apply)
      [32m+[0m [0m[1m[0mdomain[0m[0m               = "vpc"
      [32m+[0m [0m[1m[0mid[0m[0m                   = (known after apply)
      [32m+[0m [0m[1m[0minstance[0m[0m             = (known after apply)
      [32m+[0m [0m[1m[0mnetwork_border_group[0m[0m = (known after apply)
      [32m+[0m [0m[1m[0mnetwork_interface[0m[0m    = (known after apply)
      [32m+[0m [0m[1m[0mprivate_dns[0m[0m          = (known after apply)
      [32m+[0m [0m[1m[0mprivate_ip[0m[0m           = (known after apply)
      [32m+[0m [0m[1m[0mpublic_dns[0m[0m           = (known after apply)
      [32m+[0m [0m[1m[0mpublic_ip[0m[0m            = (known after apply)
      [32m+[0m [0m[1m[0mpublic_ipv4_pool[0m[0m     = (known after apply)
      [32m+[0m [0m[1m[0mtags_all[0m[0m             = (known after apply)
      [32m+[0m [0m[1m[0mvpc[0m[0m                  = (known after apply)
    }

[1m  # module.vpc.aws_internet_gateway.M_MY_IGW[0m will be created[0m[0m
[0m  [32m+[0m[0m resource "aws_internet_gateway" "M_MY_IGW" {
      [32m+[0m [0m[1m[0marn[0m[0m      = (known after apply)
      [32m+[0m [0m[1m[0mid[0m[0m       = (known after apply)
      [32m+[0m [0m[1m[0mowner_id[0m[0m = (known after apply)
      [32m+[0m [0m[1m[0mtags_all[0m[0m = (known after apply)
      [32m+[0m [0m[1m[0mvpc_id[0m[0m   = "vpc-0994fe75929f23a14"
    }

[1m  # module.vpc.aws_nat_gateway.M_MY_NAT[0m will be created[0m[0m
[0m  [32m+[0m[0m resource "aws_nat_gateway" "M_MY_NAT" {
      [32m+[0m [0m[1m[0mallocation_id[0m[0m                      = (known after apply)
      [32m+[0m [0m[1m[0massociation_id[0m[0m                     = (known after apply)
      [32m+[0m [0m[1m[0mconnectivity_type[0m[0m                  = "public"
      [32m+[0m [0m[1m[0mid[0m[0m                                 = (known after apply)
      [32m+[0m [0m[1m[0mnetwork_interface_id[0m[0m               = (known after apply)
      [32m+[0m [0m[1m[0mprivate_ip[0m[0m                         = (known after apply)
      [32m+[0m [0m[1m[0mpublic_ip[0m[0m                          = (known after apply)
      [32m+[0m [0m[1m[0msecondary_private_ip_address_count[0m[0m = (known after apply)
      [32m+[0m [0m[1m[0msecondary_private_ip_addresses[0m[0m     = (known after apply)
      [32m+[0m [0m[1m[0msubnet_id[0m[0m                          = (known after apply)
      [32m+[0m [0m[1m[0mtags_all[0m[0m                           = (known after apply)
    }

[1m  # module.vpc.aws_route.M_route_private[0m will be created[0m[0m
[0m  [32m+[0m[0m resource "aws_route" "M_route_private" {
      [32m+[0m [0m[1m[0mdestination_cidr_block[0m[0m = "0.0.0.0/0"
      [32m+[0m [0m[1m[0mgateway_id[0m[0m             = (known after apply)
      [32m+[0m [0m[1m[0mid[0m[0m                     = (known after apply)
      [32m+[0m [0m[1m[0minstance_id[0m[0m            = (known after apply)
      [32m+[0m [0m[1m[0minstance_owner_id[0m[0m      = (known after apply)
      [32m+[0m [0m[1m[0mnetwork_interface_id[0m[0m   = (known after apply)
      [32m+[0m [0m[1m[0morigin[0m[0m                 = (known after apply)
      [32m+[0m [0m[1m[0mroute_table_id[0m[0m         = (known after apply)
      [32m+[0m [0m[1m[0mstate[0m[0m                  = (known after apply)
    }

[1m  # module.vpc.aws_route.M_route_public[0m will be created[0m[0m
[0m  [32m+[0m[0m resource "aws_route" "M_route_public" {
      [32m+[0m [0m[1m[0mdestination_cidr_block[0m[0m = "0.0.0.0/0"
      [32m+[0m [0m[1m[0mgateway_id[0m[0m             = (known after apply)
      [32m+[0m [0m[1m[0mid[0m[0m                     = (known after apply)
      [32m+[0m [0m[1m[0minstance_id[0m[0m            = (known after apply)
      [32m+[0m [0m[1m[0minstance_owner_id[0m[0m      = (known after apply)
      [32m+[0m [0m[1m[0mnetwork_interface_id[0m[0m   = (known after apply)
      [32m+[0m [0m[1m[0morigin[0m[0m                 = (known after apply)
      [32m+[0m [0m[1m[0mroute_table_id[0m[0m         = (known after apply)
      [32m+[0m [0m[1m[0mstate[0m[0m                  = (known after apply)
    }

[1m  # module.vpc.aws_route_table.M_PRIVATE_RT[0m will be created[0m[0m
[0m  [32m+[0m[0m resource "aws_route_table" "M_PRIVATE_RT" {
      [32m+[0m [0m[1m[0marn[0m[0m              = (known after apply)
      [32m+[0m [0m[1m[0mid[0m[0m               = (known after apply)
      [32m+[0m [0m[1m[0mowner_id[0m[0m         = (known after apply)
      [32m+[0m [0m[1m[0mpropagating_vgws[0m[0m = (known after apply)
      [32m+[0m [0m[1m[0mroute[0m[0m            = (known after apply)
      [32m+[0m [0m[1m[0mtags_all[0m[0m         = (known after apply)
      [32m+[0m [0m[1m[0mvpc_id[0m[0m           = "vpc-0994fe75929f23a14"
    }

[1m  # module.vpc.aws_route_table.M_PUBLIC_RT[0m will be created[0m[0m
[0m  [32m+[0m[0m resource "aws_route_table" "M_PUBLIC_RT" {
      [32m+[0m [0m[1m[0marn[0m[0m              = (known after apply)
      [32m+[0m [0m[1m[0mid[0m[0m               = (known after apply)
      [32m+[0m [0m[1m[0mowner_id[0m[0m         = (known after apply)
      [32m+[0m [0m[1m[0mpropagating_vgws[0m[0m = (known after apply)
      [32m+[0m [0m[1m[0mroute[0m[0m            = (known after apply)
      [32m+[0m [0m[1m[0mtags_all[0m[0m         = (known after apply)
      [32m+[0m [0m[1m[0mvpc_id[0m[0m           = "vpc-0994fe75929f23a14"
    }

[1m  # module.vpc.aws_route_table_association.M_RTAS_PRIVATE[0][0m will be created[0m[0m
[0m  [32m+[0m[0m resource "aws_route_table_association" "M_RTAS_PRIVATE" {
      [32m+[0m [0m[1m[0mid[0m[0m             = (known after apply)
      [32m+[0m [0m[1m[0mroute_table_id[0m[0m = (known after apply)
      [32m+[0m [0m[1m[0msubnet_id[0m[0m      = "subnet-03c3e0db62c608883"
    }

[1m  # module.vpc.aws_route_table_association.M_RTAS_PRIVATE[1][0m will be created[0m[0m
[0m  [32m+[0m[0m resource "aws_route_table_association" "M_RTAS_PRIVATE" {
      [32m+[0m [0m[1m[0mid[0m[0m             = (known after apply)
      [32m+[0m [0m[1m[0mroute_table_id[0m[0m = (known after apply)
      [32m+[0m [0m[1m[0msubnet_id[0m[0m      = "subnet-008bef9352e1f2fcc"
    }

[1m  # module.vpc.aws_route_table_association.M_RTAS_PUBLIC[0][0m will be created[0m[0m
[0m  [32m+[0m[0m resource "aws_route_table_association" "M_RTAS_PUBLIC" {
      [32m+[0m [0m[1m[0mid[0m[0m             = (known after apply)
      [32m+[0m [0m[1m[0mroute_table_id[0m[0m = (known after apply)
      [32m+[0m [0m[1m[0msubnet_id[0m[0m      = (known after apply)
    }

[1m  # module.vpc.aws_route_table_association.M_RTAS_PUBLIC[1][0m will be created[0m[0m
[0m  [32m+[0m[0m resource "aws_route_table_association" "M_RTAS_PUBLIC" {
      [32m+[0m [0m[1m[0mid[0m[0m             = (known after apply)
      [32m+[0m [0m[1m[0mroute_table_id[0m[0m = (known after apply)
      [32m+[0m [0m[1m[0msubnet_id[0m[0m      = (known after apply)
    }

[1m  # module.vpc.aws_subnet.M_public_subnets01[0][0m will be created[0m[0m
[0m  [32m+[0m[0m resource "aws_subnet" "M_public_subnets01" {
      [32m+[0m [0m[1m[0marn[0m[0m                                            = (known after apply)
      [32m+[0m [0m[1m[0massign_ipv6_address_on_creation[0m[0m                = false
      [32m+[0m [0m[1m[0mavailability_zone[0m[0m                              = "us-east-1a"
      [32m+[0m [0m[1m[0mavailability_zone_id[0m[0m                           = (known after apply)
      [32m+[0m [0m[1m[0mcidr_block[0m[0m                                     = "10.0.0.0/24"
      [32m+[0m [0m[1m[0menable_dns64[0m[0m                                   = false
      [32m+[0m [0m[1m[0menable_resource_name_dns_a_record_on_launch[0m[0m    = false
      [32m+[0m [0m[1m[0menable_resource_name_dns_aaaa_record_on_launch[0m[0m = false
      [32m+[0m [0m[1m[0mid[0m[0m                                             = (known after apply)
      [32m+[0m [0m[1m[0mipv6_cidr_block_association_id[0m[0m                 = (known after apply)
      [32m+[0m [0m[1m[0mipv6_native[0m[0m                                    = false
      [32m+[0m [0m[1m[0mmap_public_ip_on_launch[0m[0m                        = false
      [32m+[0m [0m[1m[0mowner_id[0m[0m                                       = (known after apply)
      [32m+[0m [0m[1m[0mprivate_dns_hostname_type_on_launch[0m[0m            = (known after apply)
      [32m+[0m [0m[1m[0mtags_all[0m[0m                                       = (known after apply)
      [32m+[0m [0m[1m[0mvpc_id[0m[0m                                         = "vpc-0994fe75929f23a14"
    }

[1m  # module.vpc.aws_subnet.M_public_subnets01[1][0m will be created[0m[0m
[0m  [32m+[0m[0m resource "aws_subnet" "M_public_subnets01" {
      [32m+[0m [0m[1m[0marn[0m[0m                                            = (known after apply)
      [32m+[0m [0m[1m[0massign_ipv6_address_on_creation[0m[0m                = false
      [32m+[0m [0m[1m[0mavailability_zone[0m[0m                              = "us-east-1b"
      [32m+[0m [0m[1m[0mavailability_zone_id[0m[0m                           = (known after apply)
      [32m+[0m [0m[1m[0mcidr_block[0m[0m                                     = "10.0.1.0/24"
      [32m+[0m [0m[1m[0menable_dns64[0m[0m                                   = false
      [32m+[0m [0m[1m[0menable_resource_name_dns_a_record_on_launch[0m[0m    = false
      [32m+[0m [0m[1m[0menable_resource_name_dns_aaaa_record_on_launch[0m[0m = false
      [32m+[0m [0m[1m[0mid[0m[0m                                             = (known after apply)
      [32m+[0m [0m[1m[0mipv6_cidr_block_association_id[0m[0m                 = (known after apply)
      [32m+[0m [0m[1m[0mipv6_native[0m[0m                                    = false
      [32m+[0m [0m[1m[0mmap_public_ip_on_launch[0m[0m                        = false
      [32m+[0m [0m[1m[0mowner_id[0m[0m                                       = (known after apply)
      [32m+[0m [0m[1m[0mprivate_dns_hostname_type_on_launch[0m[0m            = (known after apply)
      [32m+[0m [0m[1m[0mtags_all[0m[0m                                       = (known after apply)
      [32m+[0m [0m[1m[0mvpc_id[0m[0m                                         = "vpc-0994fe75929f23a14"
    }

[1m  # module.web_ec2_instance.aws_instance.M_aws_instance[0m will be created[0m[0m
[0m  [32m+[0m[0m resource "aws_instance" "M_aws_instance" {
      [32m+[0m [0m[1m[0mami[0m[0m                                  = "ami-08a52ddb321b32a8c"
      [32m+[0m [0m[1m[0marn[0m[0m                                  = (known after apply)
      [32m+[0m [0m[1m[0massociate_public_ip_address[0m[0m          = (known after apply)
      [32m+[0m [0m[1m[0mavailability_zone[0m[0m                    = (known after apply)
      [32m+[0m [0m[1m[0mcpu_core_count[0m[0m                       = (known after apply)
      [32m+[0m [0m[1m[0mcpu_threads_per_core[0m[0m                 = (known after apply)
      [32m+[0m [0m[1m[0mdisable_api_stop[0m[0m                     = (known after apply)
      [32m+[0m [0m[1m[0mdisable_api_termination[0m[0m              = (known after apply)
      [32m+[0m [0m[1m[0mebs_optimized[0m[0m                        = (known after apply)
      [32m+[0m [0m[1m[0mget_password_data[0m[0m                    = false
      [32m+[0m [0m[1m[0mhost_id[0m[0m                              = (known after apply)
      [32m+[0m [0m[1m[0mhost_resource_group_arn[0m[0m              = (known after apply)
      [32m+[0m [0m[1m[0miam_instance_profile[0m[0m                 = (known after apply)
      [32m+[0m [0m[1m[0mid[0m[0m                                   = (known after apply)
      [32m+[0m [0m[1m[0minstance_initiated_shutdown_behavior[0m[0m = (known after apply)
      [32m+[0m [0m[1m[0minstance_lifecycle[0m[0m                   = (known after apply)
      [32m+[0m [0m[1m[0minstance_state[0m[0m                       = (known after apply)
      [32m+[0m [0m[1m[0minstance_type[0m[0m                        = "t2.micro"
      [32m+[0m [0m[1m[0mipv6_address_count[0m[0m                   = (known after apply)
      [32m+[0m [0m[1m[0mipv6_addresses[0m[0m                       = (known after apply)
      [32m+[0m [0m[1m[0mkey_name[0m[0m                             = "web-ssh-key"
      [32m+[0m [0m[1m[0mmonitoring[0m[0m                           = (known after apply)
      [32m+[0m [0m[1m[0moutpost_arn[0m[0m                          = (known after apply)
      [32m+[0m [0m[1m[0mpassword_data[0m[0m                        = (known after apply)
      [32m+[0m [0m[1m[0mplacement_group[0m[0m                      = (known after apply)
      [32m+[0m [0m[1m[0mplacement_partition_number[0m[0m           = (known after apply)
      [32m+[0m [0m[1m[0mprimary_network_interface_id[0m[0m         = (known after apply)
      [32m+[0m [0m[1m[0mprivate_dns[0m[0m                          = (known after apply)
      [32m+[0m [0m[1m[0mprivate_ip[0m[0m                           = (known after apply)
      [32m+[0m [0m[1m[0mpublic_dns[0m[0m                           = (known after apply)
      [32m+[0m [0m[1m[0mpublic_ip[0m[0m                            = (known after apply)
      [32m+[0m [0m[1m[0msecondary_private_ips[0m[0m                = (known after apply)
      [32m+[0m [0m[1m[0msecurity_groups[0m[0m                      = (known after apply)
      [32m+[0m [0m[1m[0msource_dest_check[0m[0m                    = true
      [32m+[0m [0m[1m[0mspot_instance_request_id[0m[0m             = (known after apply)
      [32m+[0m [0m[1m[0msubnet_id[0m[0m                            = (known after apply)
      [32m+[0m [0m[1m[0mtags[0m[0m                                 = {
          [32m+[0m [0m"Name" = "web-instance"
        }
      [32m+[0m [0m[1m[0mtags_all[0m[0m                             = {
          [32m+[0m [0m"Name" = "web-instance"
        }
      [32m+[0m [0m[1m[0mtenancy[0m[0m                              = (known after apply)
      [32m+[0m [0m[1m[0muser_data[0m[0m                            = (known after apply)
      [32m+[0m [0m[1m[0muser_data_base64[0m[0m                     = (known after apply)
      [32m+[0m [0m[1m[0muser_data_replace_on_change[0m[0m          = false
      [32m+[0m [0m[1m[0mvpc_security_group_ids[0m[0m               = (known after apply)

      [32m+[0m [0mcapacity_reservation_specification {
          [32m+[0m [0m[1m[0mcapacity_reservation_preference[0m[0m = (known after apply)

          [32m+[0m [0mcapacity_reservation_target {
              [32m+[0m [0m[1m[0mcapacity_reservation_id[0m[0m                 = (known after apply)
              [32m+[0m [0m[1m[0mcapacity_reservation_resource_group_arn[0m[0m = (known after apply)
            }
        }

      [32m+[0m [0mcpu_options {
          [32m+[0m [0m[1m[0mamd_sev_snp[0m[0m      = (known after apply)
          [32m+[0m [0m[1m[0mcore_count[0m[0m       = (known after apply)
          [32m+[0m [0m[1m[0mthreads_per_core[0m[0m = (known after apply)
        }

      [32m+[0m [0mebs_block_device {
          [32m+[0m [0m[1m[0mdelete_on_termination[0m[0m = (known after apply)
          [32m+[0m [0m[1m[0mdevice_name[0m[0m           = (known after apply)
          [32m+[0m [0m[1m[0mencrypted[0m[0m             = (known after apply)
          [32m+[0m [0m[1m[0miops[0m[0m                  = (known after apply)
          [32m+[0m [0m[1m[0mkms_key_id[0m[0m            = (known after apply)
          [32m+[0m [0m[1m[0msnapshot_id[0m[0m           = (known after apply)
          [32m+[0m [0m[1m[0mtags[0m[0m                  = (known after apply)
          [32m+[0m [0m[1m[0mthroughput[0m[0m            = (known after apply)
          [32m+[0m [0m[1m[0mvolume_id[0m[0m             = (known after apply)
          [32m+[0m [0m[1m[0mvolume_size[0m[0m           = (known after apply)
          [32m+[0m [0m[1m[0mvolume_type[0m[0m           = (known after apply)
        }

      [32m+[0m [0menclave_options {
          [32m+[0m [0m[1m[0menabled[0m[0m = (known after apply)
        }

      [32m+[0m [0mephemeral_block_device {
          [32m+[0m [0m[1m[0mdevice_name[0m[0m  = (known after apply)
          [32m+[0m [0m[1m[0mno_device[0m[0m    = (known after apply)
          [32m+[0m [0m[1m[0mvirtual_name[0m[0m = (known after apply)
        }

      [32m+[0m [0minstance_market_options {
          [32m+[0m [0m[1m[0mmarket_type[0m[0m = (known after apply)

          [32m+[0m [0mspot_options {
              [32m+[0m [0m[1m[0minstance_interruption_behavior[0m[0m = (known after apply)
              [32m+[0m [0m[1m[0mmax_price[0m[0m                      = (known after apply)
              [32m+[0m [0m[1m[0mspot_instance_type[0m[0m             = (known after apply)
              [32m+[0m [0m[1m[0mvalid_until[0m[0m                    = (known after apply)
            }
        }

      [32m+[0m [0mmaintenance_options {
          [32m+[0m [0m[1m[0mauto_recovery[0m[0m = (known after apply)
        }

      [32m+[0m [0mmetadata_options {
          [32m+[0m [0m[1m[0mhttp_endpoint[0m[0m               = (known after apply)
          [32m+[0m [0m[1m[0mhttp_protocol_ipv6[0m[0m          = (known after apply)
          [32m+[0m [0m[1m[0mhttp_put_response_hop_limit[0m[0m = (known after apply)
          [32m+[0m [0m[1m[0mhttp_tokens[0m[0m                 = (known after apply)
          [32m+[0m [0m[1m[0minstance_metadata_tags[0m[0m      = (known after apply)
        }

      [32m+[0m [0mnetwork_interface {
          [32m+[0m [0m[1m[0mdelete_on_termination[0m[0m = (known after apply)
          [32m+[0m [0m[1m[0mdevice_index[0m[0m          = (known after apply)
          [32m+[0m [0m[1m[0mnetwork_card_index[0m[0m    = (known after apply)
          [32m+[0m [0m[1m[0mnetwork_interface_id[0m[0m  = (known after apply)
        }

      [32m+[0m [0mprivate_dns_name_options {
          [32m+[0m [0m[1m[0menable_resource_name_dns_a_record[0m[0m    = (known after apply)
          [32m+[0m [0m[1m[0menable_resource_name_dns_aaaa_record[0m[0m = (known after apply)
          [32m+[0m [0m[1m[0mhostname_type[0m[0m                        = (known after apply)
        }

      [32m+[0m [0mroot_block_device {
          [32m+[0m [0m[1m[0mdelete_on_termination[0m[0m = (known after apply)
          [32m+[0m [0m[1m[0mdevice_name[0m[0m           = (known after apply)
          [32m+[0m [0m[1m[0mencrypted[0m[0m             = (known after apply)
          [32m+[0m [0m[1m[0miops[0m[0m                  = (known after apply)
          [32m+[0m [0m[1m[0mkms_key_id[0m[0m            = (known after apply)
          [32m+[0m [0m[1m[0mtags[0m[0m                  = (known after apply)
          [32m+[0m [0m[1m[0mthroughput[0m[0m            = (known after apply)
          [32m+[0m [0m[1m[0mvolume_id[0m[0m             = (known after apply)
          [32m+[0m [0m[1m[0mvolume_size[0m[0m           = (known after apply)
          [32m+[0m [0m[1m[0mvolume_type[0m[0m           = (known after apply)
        }
    }

[1m  # module.web_security_group.aws_security_group.M_sg[0m will be created[0m[0m
[0m  [32m+[0m[0m resource "aws_security_group" "M_sg" {
      [32m+[0m [0m[1m[0marn[0m[0m                    = (known after apply)
      [32m+[0m [0m[1m[0mdescription[0m[0m            = "Managed by Terraform"
      [32m+[0m [0m[1m[0megress[0m[0m                 = [
          [32m+[0m [0m{
              [32m+[0m [0mcidr_blocks      = [
                  [32m+[0m [0m"0.0.0.0/0",
                ]
              [32m+[0m [0mdescription      = ""
              [32m+[0m [0mfrom_port        = 22
              [32m+[0m [0mipv6_cidr_blocks = []
              [32m+[0m [0mprefix_list_ids  = []
              [32m+[0m [0mprotocol         = "tcp"
              [32m+[0m [0msecurity_groups  = []
              [32m+[0m [0mself             = false
              [32m+[0m [0mto_port          = 22
            },
          [32m+[0m [0m{
              [32m+[0m [0mcidr_blocks      = [
                  [32m+[0m [0m"0.0.0.0/0",
                ]
              [32m+[0m [0mdescription      = ""
              [32m+[0m [0mfrom_port        = 443
              [32m+[0m [0mipv6_cidr_blocks = []
              [32m+[0m [0mprefix_list_ids  = []
              [32m+[0m [0mprotocol         = "tcp"
              [32m+[0m [0msecurity_groups  = []
              [32m+[0m [0mself             = false
              [32m+[0m [0mto_port          = 443
            },
          [32m+[0m [0m{
              [32m+[0m [0mcidr_blocks      = [
                  [32m+[0m [0m"0.0.0.0/0",
                ]
              [32m+[0m [0mdescription      = ""
              [32m+[0m [0mfrom_port        = 80
              [32m+[0m [0mipv6_cidr_blocks = []
              [32m+[0m [0mprefix_list_ids  = []
              [32m+[0m [0mprotocol         = "tcp"
              [32m+[0m [0msecurity_groups  = []
              [32m+[0m [0mself             = false
              [32m+[0m [0mto_port          = 80
            },
        ]
      [32m+[0m [0m[1m[0mid[0m[0m                     = (known after apply)
      [32m+[0m [0m[1m[0mingress[0m[0m                = [
          [32m+[0m [0m{
              [32m+[0m [0mcidr_blocks      = [
                  [32m+[0m [0m"0.0.0.0/0",
                ]
              [32m+[0m [0mdescription      = ""
              [32m+[0m [0mfrom_port        = 22
              [32m+[0m [0mipv6_cidr_blocks = []
              [32m+[0m [0mprefix_list_ids  = []
              [32m+[0m [0mprotocol         = "tcp"
              [32m+[0m [0msecurity_groups  = []
              [32m+[0m [0mself             = false
              [32m+[0m [0mto_port          = 22
            },
          [32m+[0m [0m{
              [32m+[0m [0mcidr_blocks      = [
                  [32m+[0m [0m"0.0.0.0/0",
                ]
              [32m+[0m [0mdescription      = ""
              [32m+[0m [0mfrom_port        = 443
              [32m+[0m [0mipv6_cidr_blocks = []
              [32m+[0m [0mprefix_list_ids  = []
              [32m+[0m [0mprotocol         = "tcp"
              [32m+[0m [0msecurity_groups  = []
              [32m+[0m [0mself             = false
              [32m+[0m [0mto_port          = 443
            },
          [32m+[0m [0m{
              [32m+[0m [0mcidr_blocks      = [
                  [32m+[0m [0m"0.0.0.0/0",
                ]
              [32m+[0m [0mdescription      = ""
              [32m+[0m [0mfrom_port        = 80
              [32m+[0m [0mipv6_cidr_blocks = []
              [32m+[0m [0mprefix_list_ids  = []
              [32m+[0m [0mprotocol         = "tcp"
              [32m+[0m [0msecurity_groups  = []
              [32m+[0m [0mself             = false
              [32m+[0m [0mto_port          = 80
            },
        ]
      [32m+[0m [0m[1m[0mname[0m[0m                   = "web-sg"
      [32m+[0m [0m[1m[0mname_prefix[0m[0m            = (known after apply)
      [32m+[0m [0m[1m[0mowner_id[0m[0m               = (known after apply)
      [32m+[0m [0m[1m[0mrevoke_rules_on_delete[0m[0m = false
      [32m+[0m [0m[1m[0mtags_all[0m[0m               = (known after apply)
      [32m+[0m [0m[1m[0mvpc_id[0m[0m                 = "vpc-0994fe75929f23a14"
    }

[1m  # module.web_ssh_key_pair.aws_key_pair.M_login_key[0m will be created[0m[0m
[0m  [32m+[0m[0m resource "aws_key_pair" "M_login_key" {
      [32m+[0m [0m[1m[0marn[0m[0m             = (known after apply)
      [32m+[0m [0m[1m[0mfingerprint[0m[0m     = (known after apply)
      [32m+[0m [0m[1m[0mid[0m[0m              = (known after apply)
      [32m+[0m [0m[1m[0mkey_name[0m[0m        = "web-ssh-key"
      [32m+[0m [0m[1m[0mkey_name_prefix[0m[0m = (known after apply)
      [32m+[0m [0m[1m[0mkey_pair_id[0m[0m     = (known after apply)
      [32m+[0m [0m[1m[0mkey_type[0m[0m        = (known after apply)
      [32m+[0m [0m[1m[0mpublic_key[0m[0m      = "ssh-rsa AAAAB3NzaC1yc2EAAAADAQABAAABAQDKZUeh5ZssVKihdY0IUg7kFehTleZQLsQJQuy6K19Aff0D3j8roAH3pTq9yxJkHsyD62SKOeUqgnIbOfwv9JW0T4LGKSkU7WH5WZ+b1An7tZwA3U827mh0VbgalH0FanO1r46p83b0T2oqy/7K+L699LMD3f6StUcHyQ8GZ7c0E1NZirJbBfzm6lV+gEQchlznykc88ku/OXMQuliCRV24YHentKQhE13psPCXTPhp34JOMJdYlDvSQYHendO/GFsjf7Fq+30rNgdgFUYaFiAxR59tHU2mJIAdA/k+u45cW6LdZp9Ww2XTHg39njGaGc8M6crFbDwbOU46GDz0NtWV root@DESKTOP-AC3B9G6"
      [32m+[0m [0m[1m[0mtags_all[0m[0m        = (known after apply)
    }

[0m[1mPlan:[0m 23 to add, 0 to change, 0 to destroy.
[0m[90m
─────────────────────────────────────────────────────────────────────────────[0m

Note: You didn't use the -out option to save this plan, so Terraform can't
guarantee to take exactly these actions if you run "terraform apply" now.
